
Microsoft Visual Studio Solution File, Format Version 12.00
# Visual Studio Version 17
VisualStudioVersion = 17.5.33530.505
MinimumVisualStudioVersion = 10.0.40219.1
Project("{FAE04EC0-301F-11D3-BF4B-00C04F79EFBC}") = "SimpleMultithreadedAsyncHttpServer", "SimpleMultithreadedAsyncHttpServer.csproj", "{B2CEC04C-10BC-453C-81FB-EFEC583F195F}"
EndProject
Global
	GlobalSection(SolutionConfigurationPlatforms) = preSolution
		Debug|Any CPU = Debug|Any CPU
		Release|Any CPU = Release|Any CPU
	EndGlobalSection
	GlobalSection(ProjectConfigurationPlatforms) = postSolution
		{B2CEC04C-10BC-453C-81FB-EFEC583F195F}.Debug|Any CPU.ActiveCfg = Debug|Any CPU
		{B2CEC04C-10BC-453C-81FB-EFEC583F195F}.Debug|Any CPU.Build.0 = Debug|Any CPU
		{B2CEC04C-10BC-453C-81FB-EFEC583F195F}.Release|Any CPU.ActiveCfg = Release|Any CPU
		{B2CEC04C-10BC-453C-81FB-EFEC583F195F}.Release|Any CPU.Build.0 = Release|Any CPU
	EndGlobalSection
	GlobalSection(SolutionProperties) = preSolution
		HideSolutionNode = FALSE
	EndGlobalSection
	GlobalSection(ExtensibilityGlobals) = postSolution
		SolutionGuid = {73ADEFB8-FE6E-4A8E-9AE8-9525AC4BDCA8}
	EndGlobalSection
EndGlobal
